
Microsoft Visual Studio Solution File, Format Version 11.00
# Visual Studio 2010
Project("{FAE04EC0-301F-11D3-BF4B-00C04F79EFBC}") = "UnityEngine.UI", "UnityEngine.UI.csproj", "{7DE693B2-033C-1BFF-B7DB-348441A5ADDE}"
EndProject
Project("{FAE04EC0-301F-11D3-BF4B-00C04F79EFBC}") = "Unity.ProBuilder", "Unity.ProBuilder.csproj", "{68F0A322-F91F-415E-1384-4CA06ED1BD61}"
EndProject
Project("{FAE04EC0-301F-11D3-BF4B-00C04F79EFBC}") = "UnityEngine.TestRunner", "UnityEngine.TestRunner.csproj", "{855E2282-E561-C587-44A6-339A3147BC00}"
EndProject
Project("{FAE04EC0-301F-11D3-BF4B-00C04F79EFBC}") = "Obi", "Obi.csproj", "{777BE85A-5F6B-29D4-381F-03B13DCFC0FC}"
EndProject
Project("{FAE04EC0-301F-11D3-BF4B-00C04F79EFBC}") = "SteamVR", "SteamVR.csproj", "{3D8FD3BA-1FAF-2E2C-DBBC-0A3466553C38}"
EndProject
Project("{FAE04EC0-301F-11D3-BF4B-00C04F79EFBC}") = "Unity.TextMeshPro", "Unity.TextMeshPro.csproj", "{789448CF-6DB9-28EF-794D-DB79315FE03E}"
EndProject
Project("{FAE04EC0-301F-11D3-BF4B-00C04F79EFBC}") = "Unity.Timeline", "Unity.Timeline.csproj", "{EA51220E-4DFA-A049-BC1F-E1AC26F53CCB}"
EndProject
Project("{FAE04EC0-301F-11D3-BF4B-00C04F79EFBC}") = "SteamVR_Actions", "SteamVR_Actions.csproj", "{AC19D324-6E9C-6EF6-48DD-5C2EE898BDFC}"
EndProject
Project("{FAE04EC0-301F-11D3-BF4B-00C04F79EFBC}") = "Unity.ProBuilder.Poly2Tri", "Unity.ProBuilder.Poly2Tri.csproj", "{861072D5-D066-23B1-1187-58E7BD5234E4}"
EndProject
Project("{FAE04EC0-301F-11D3-BF4B-00C04F79EFBC}") = "Assembly-CSharp", "Assembly-CSharp.csproj", "{D8B91BDC-A5A7-62ED-FCCB-0A026BF3F26E}"
EndProject
Project("{FAE04EC0-301F-11D3-BF4B-00C04F79EFBC}") = "Unity.ProBuilder.KdTree", "Unity.ProBuilder.KdTree.csproj", "{3D8F5D82-AD3D-EBA2-D690-58D7791E621D}"
EndProject
Project("{FAE04EC0-301F-11D3-BF4B-00C04F79EFBC}") = "Unity.ProBuilder.Csg", "Unity.ProBuilder.Csg.csproj", "{BA1415EA-073B-285F-6AF5-0D3902700F11}"
EndProject
Project("{FAE04EC0-301F-11D3-BF4B-00C04F79EFBC}") = "Unity.ProBuilder.Stl", "Unity.ProBuilder.Stl.csproj", "{30996884-F76B-495C-2AB9-149728BFB06A}"
EndProject
Project("{FAE04EC0-301F-11D3-BF4B-00C04F79EFBC}") = "UnityEditor.TestRunner", "UnityEditor.TestRunner.csproj", "{570257FD-939D-5D2D-D64D-51FA33316C37}"
EndProject
Project("{FAE04EC0-301F-11D3-BF4B-00C04F79EFBC}") = "Unity.ProBuilder.Editor", "Unity.ProBuilder.Editor.csproj", "{4C1404DE-1E6B-2400-19B9-92DDF164701D}"
EndProject
Project("{FAE04EC0-301F-11D3-BF4B-00C04F79EFBC}") = "Unity.TextMeshPro.Editor", "Unity.TextMeshPro.Editor.csproj", "{707C3C34-BFC9-C5A5-FE80-5A31A46666D6}"
EndProject
Project("{FAE04EC0-301F-11D3-BF4B-00C04F79EFBC}") = "Unity.Timeline.Editor", "Unity.Timeline.Editor.csproj", "{3EC0E131-5E32-90AF-F4F9-5A16069568CA}"
EndProject
Project("{FAE04EC0-301F-11D3-BF4B-00C04F79EFBC}") = "Unity.Settings.Editor", "Unity.Settings.Editor.csproj", "{3461E90C-A8B8-1506-874B-9AA2BABF439C}"
EndProject
Project("{FAE04EC0-301F-11D3-BF4B-00C04F79EFBC}") = "SteamVR_Editor", "SteamVR_Editor.csproj", "{2C03484B-64B6-CDC2-86D2-DC9C9D6D894A}"
EndProject
Project("{FAE04EC0-301F-11D3-BF4B-00C04F79EFBC}") = "UnityEditor.UI", "UnityEditor.UI.csproj", "{01506A84-C17F-5F4A-52F5-7E22BA75330B}"
EndProject
Project("{FAE04EC0-301F-11D3-BF4B-00C04F79EFBC}") = "Obi.Editor", "Obi.Editor.csproj", "{D0F27E81-DA84-CB7F-E966-AB615F352B21}"
EndProject
Project("{FAE04EC0-301F-11D3-BF4B-00C04F79EFBC}") = "Unity.Rider.Editor", "Unity.Rider.Editor.csproj", "{0F60BC08-5E31-5EB3-AC21-BC151701593F}"
EndProject
Project("{FAE04EC0-301F-11D3-BF4B-00C04F79EFBC}") = "SteamVR_Input_Editor", "SteamVR_Input_Editor.csproj", "{11EC03DA-1E7D-B94A-2D89-539B16B484BA}"
EndProject
Project("{FAE04EC0-301F-11D3-BF4B-00C04F79EFBC}") = "Unity.CollabProxy.Editor", "Unity.CollabProxy.Editor.csproj", "{292583A4-C682-8E69-F81B-5BC86C754E47}"
EndProject
Project("{FAE04EC0-301F-11D3-BF4B-00C04F79EFBC}") = "Unity.ProBuilder.AssetIdRemapUtility", "Unity.ProBuilder.AssetIdRemapUtility.csproj", "{98BB89B7-D39C-0F8C-F0DF-EDD7A2216F6D}"
EndProject
Project("{FAE04EC0-301F-11D3-BF4B-00C04F79EFBC}") = "Unity.VSCode.Editor", "Unity.VSCode.Editor.csproj", "{33AFDE56-2F83-73E9-050C-1A114402D162}"
EndProject
Project("{FAE04EC0-301F-11D3-BF4B-00C04F79EFBC}") = "SteamVR_Windows_EditorHelper", "SteamVR_Windows_EditorHelper.csproj", "{F39FC339-F673-040F-5807-5C58451DCC99}"
EndProject
Project("{FAE04EC0-301F-11D3-BF4B-00C04F79EFBC}") = "Unity.ProBuilder.AddOns.Editor", "Unity.ProBuilder.AddOns.Editor.csproj", "{0BD6B146-1790-92C2-30F8-58847CCD32A6}"
EndProject
Global
	GlobalSection(SolutionConfigurationPlatforms) = preSolution
		Debug|Any CPU = Debug|Any CPU
		Release|Any CPU = Release|Any CPU
	EndGlobalSection
	GlobalSection(ProjectConfigurationPlatforms) = postSolution
		{7DE693B2-033C-1BFF-B7DB-348441A5ADDE}.Debug|Any CPU.ActiveCfg = Debug|Any CPU
		{7DE693B2-033C-1BFF-B7DB-348441A5ADDE}.Debug|Any CPU.Build.0 = Debug|Any CPU
		{7DE693B2-033C-1BFF-B7DB-348441A5ADDE}.Release|Any CPU.ActiveCfg = Release|Any CPU
		{7DE693B2-033C-1BFF-B7DB-348441A5ADDE}.Release|Any CPU.Build.0 = Release|Any CPU
		{68F0A322-F91F-415E-1384-4CA06ED1BD61}.Debug|Any CPU.ActiveCfg = Debug|Any CPU
		{68F0A322-F91F-415E-1384-4CA06ED1BD61}.Debug|Any CPU.Build.0 = Debug|Any CPU
		{68F0A322-F91F-415E-1384-4CA06ED1BD61}.Release|Any CPU.ActiveCfg = Release|Any CPU
		{68F0A322-F91F-415E-1384-4CA06ED1BD61}.Release|Any CPU.Build.0 = Release|Any CPU
		{855E2282-E561-C587-44A6-339A3147BC00}.Debug|Any CPU.ActiveCfg = Debug|Any CPU
		{855E2282-E561-C587-44A6-339A3147BC00}.Debug|Any CPU.Build.0 = Debug|Any CPU
		{855E2282-E561-C587-44A6-339A3147BC00}.Release|Any CPU.ActiveCfg = Release|Any CPU
		{855E2282-E561-C587-44A6-339A3147BC00}.Release|Any CPU.Build.0 = Release|Any CPU
		{777BE85A-5F6B-29D4-381F-03B13DCFC0FC}.Debug|Any CPU.ActiveCfg = Debug|Any CPU
		{777BE85A-5F6B-29D4-381F-03B13DCFC0FC}.Debug|Any CPU.Build.0 = Debug|Any CPU
		{777BE85A-5F6B-29D4-381F-03B13DCFC0FC}.Release|Any CPU.ActiveCfg = Release|Any CPU
		{777BE85A-5F6B-29D4-381F-03B13DCFC0FC}.Release|Any CPU.Build.0 = Release|Any CPU
		{3D8FD3BA-1FAF-2E2C-DBBC-0A3466553C38}.Debug|Any CPU.ActiveCfg = Debug|Any CPU
		{3D8FD3BA-1FAF-2E2C-DBBC-0A3466553C38}.Debug|Any CPU.Build.0 = Debug|Any CPU
		{3D8FD3BA-1FAF-2E2C-DBBC-0A3466553C38}.Release|Any CPU.ActiveCfg = Release|Any CPU
		{3D8FD3BA-1FAF-2E2C-DBBC-0A3466553C38}.Release|Any CPU.Build.0 = Release|Any CPU
		{789448CF-6DB9-28EF-794D-DB79315FE03E}.Debug|Any CPU.ActiveCfg = Debug|Any CPU
		{789448CF-6DB9-28EF-794D-DB79315FE03E}.Debug|Any CPU.Build.0 = Debug|Any CPU
		{789448CF-6DB9-28EF-794D-DB79315FE03E}.Release|Any CPU.ActiveCfg = Release|Any CPU
		{789448CF-6DB9-28EF-794D-DB79315FE03E}.Release|Any CPU.Build.0 = Release|Any CPU
		{EA51220E-4DFA-A049-BC1F-E1AC26F53CCB}.Debug|Any CPU.ActiveCfg = Debug|Any CPU
		{EA51220E-4DFA-A049-BC1F-E1AC26F53CCB}.Debug|Any CPU.Build.0 = Debug|Any CPU
		{EA51220E-4DFA-A049-BC1F-E1AC26F53CCB}.Release|Any CPU.ActiveCfg = Release|Any CPU
		{EA51220E-4DFA-A049-BC1F-E1AC26F53CCB}.Release|Any CPU.Build.0 = Release|Any CPU
		{AC19D324-6E9C-6EF6-48DD-5C2EE898BDFC}.Debug|Any CPU.ActiveCfg = Debug|Any CPU
		{AC19D324-6E9C-6EF6-48DD-5C2EE898BDFC}.Debug|Any CPU.Build.0 = Debug|Any CPU
		{AC19D324-6E9C-6EF6-48DD-5C2EE898BDFC}.Release|Any CPU.ActiveCfg = Release|Any CPU
		{AC19D324-6E9C-6EF6-48DD-5C2EE898BDFC}.Release|Any CPU.Build.0 = Release|Any CPU
		{861072D5-D066-23B1-1187-58E7BD5234E4}.Debug|Any CPU.ActiveCfg = Debug|Any CPU
		{861072D5-D066-23B1-1187-58E7BD5234E4}.Debug|Any CPU.Build.0 = Debug|Any CPU
		{861072D5-D066-23B1-1187-58E7BD5234E4}.Release|Any CPU.ActiveCfg = Release|Any CPU
		{861072D5-D066-23B1-1187-58E7BD5234E4}.Release|Any CPU.Build.0 = Release|Any CPU
		{D8B91BDC-A5A7-62ED-FCCB-0A026BF3F26E}.Debug|Any CPU.ActiveCfg = Debug|Any CPU
		{D8B91BDC-A5A7-62ED-FCCB-0A026BF3F26E}.Debug|Any CPU.Build.0 = Debug|Any CPU
		{D8B91BDC-A5A7-62ED-FCCB-0A026BF3F26E}.Release|Any CPU.ActiveCfg = Release|Any CPU
		{D8B91BDC-A5A7-62ED-FCCB-0A026BF3F26E}.Release|Any CPU.Build.0 = Release|Any CPU
		{3D8F5D82-AD3D-EBA2-D690-58D7791E621D}.Debug|Any CPU.ActiveCfg = Debug|Any CPU
		{3D8F5D82-AD3D-EBA2-D690-58D7791E621D}.Debug|Any CPU.Build.0 = Debug|Any CPU
		{3D8F5D82-AD3D-EBA2-D690-58D7791E621D}.Release|Any CPU.ActiveCfg = Release|Any CPU
		{3D8F5D82-AD3D-EBA2-D690-58D7791E621D}.Release|Any CPU.Build.0 = Release|Any CPU
		{BA1415EA-073B-285F-6AF5-0D3902700F11}.Debug|Any CPU.ActiveCfg = Debug|Any CPU
		{BA1415EA-073B-285F-6AF5-0D3902700F11}.Debug|Any CPU.Build.0 = Debug|Any CPU
		{BA1415EA-073B-285F-6AF5-0D3902700F11}.Release|Any CPU.ActiveCfg = Release|Any CPU
		{BA1415EA-073B-285F-6AF5-0D3902700F11}.Release|Any CPU.Build.0 = Release|Any CPU
		{30996884-F76B-495C-2AB9-149728BFB06A}.Debug|Any CPU.ActiveCfg = Debug|Any CPU
		{30996884-F76B-495C-2AB9-149728BFB06A}.Debug|Any CPU.Build.0 = Debug|Any CPU
		{30996884-F76B-495C-2AB9-149728BFB06A}.Release|Any CPU.ActiveCfg = Release|Any CPU
		{30996884-F76B-495C-2AB9-149728BFB06A}.Release|Any CPU.Build.0 = Release|Any CPU
		{570257FD-939D-5D2D-D64D-51FA33316C37}.Debug|Any CPU.ActiveCfg = Debug|Any CPU
		{570257FD-939D-5D2D-D64D-51FA33316C37}.Debug|Any CPU.Build.0 = Debug|Any CPU
		{570257FD-939D-5D2D-D64D-51FA33316C37}.Release|Any CPU.ActiveCfg = Release|Any CPU
		{570257FD-939D-5D2D-D64D-51FA33316C37}.Release|Any CPU.Build.0 = Release|Any CPU
		{4C1404DE-1E6B-2400-19B9-92DDF164701D}.Debug|Any CPU.ActiveCfg = Debug|Any CPU
		{4C1404DE-1E6B-2400-19B9-92DDF164701D}.Debug|Any CPU.Build.0 = Debug|Any CPU
		{4C1404DE-1E6B-2400-19B9-92DDF164701D}.Release|Any CPU.ActiveCfg = Release|Any CPU
		{4C1404DE-1E6B-2400-19B9-92DDF164701D}.Release|Any CPU.Build.0 = Release|Any CPU
		{707C3C34-BFC9-C5A5-FE80-5A31A46666D6}.Debug|Any CPU.ActiveCfg = Debug|Any CPU
		{707C3C34-BFC9-C5A5-FE80-5A31A46666D6}.Debug|Any CPU.Build.0 = Debug|Any CPU
		{707C3C34-BFC9-C5A5-FE80-5A31A46666D6}.Release|Any CPU.ActiveCfg = Release|Any CPU
		{707C3C34-BFC9-C5A5-FE80-5A31A46666D6}.Release|Any CPU.Build.0 = Release|Any CPU
		{3EC0E131-5E32-90AF-F4F9-5A16069568CA}.Debug|Any CPU.ActiveCfg = Debug|Any CPU
		{3EC0E131-5E32-90AF-F4F9-5A16069568CA}.Debug|Any CPU.Build.0 = Debug|Any CPU
		{3EC0E131-5E32-90AF-F4F9-5A16069568CA}.Release|Any CPU.ActiveCfg = Release|Any CPU
		{3EC0E131-5E32-90AF-F4F9-5A16069568CA}.Release|Any CPU.Build.0 = Release|Any CPU
		{3461E90C-A8B8-1506-874B-9AA2BABF439C}.Debug|Any CPU.ActiveCfg = Debug|Any CPU
		{3461E90C-A8B8-1506-874B-9AA2BABF439C}.Debug|Any CPU.Build.0 = Debug|Any CPU
		{3461E90C-A8B8-1506-874B-9AA2BABF439C}.Release|Any CPU.ActiveCfg = Release|Any CPU
		{3461E90C-A8B8-1506-874B-9AA2BABF439C}.Release|Any CPU.Build.0 = Release|Any CPU
		{2C03484B-64B6-CDC2-86D2-DC9C9D6D894A}.Debug|Any CPU.ActiveCfg = Debug|Any CPU
		{2C03484B-64B6-CDC2-86D2-DC9C9D6D894A}.Debug|Any CPU.Build.0 = Debug|Any CPU
		{2C03484B-64B6-CDC2-86D2-DC9C9D6D894A}.Release|Any CPU.ActiveCfg = Release|Any CPU
		{2C03484B-64B6-CDC2-86D2-DC9C9D6D894A}.Release|Any CPU.Build.0 = Release|Any CPU
		{01506A84-C17F-5F4A-52F5-7E22BA75330B}.Debug|Any CPU.ActiveCfg = Debug|Any CPU
		{01506A84-C17F-5F4A-52F5-7E22BA75330B}.Debug|Any CPU.Build.0 = Debug|Any CPU
		{01506A84-C17F-5F4A-52F5-7E22BA75330B}.Release|Any CPU.ActiveCfg = Release|Any CPU
		{01506A84-C17F-5F4A-52F5-7E22BA75330B}.Release|Any CPU.Build.0 = Release|Any CPU
		{D0F27E81-DA84-CB7F-E966-AB615F352B21}.Debug|Any CPU.ActiveCfg = Debug|Any CPU
		{D0F27E81-DA84-CB7F-E966-AB615F352B21}.Debug|Any CPU.Build.0 = Debug|Any CPU
		{D0F27E81-DA84-CB7F-E966-AB615F352B21}.Release|Any CPU.ActiveCfg = Release|Any CPU
		{D0F27E81-DA84-CB7F-E966-AB615F352B21}.Release|Any CPU.Build.0 = Release|Any CPU
		{0F60BC08-5E31-5EB3-AC21-BC151701593F}.Debug|Any CPU.ActiveCfg = Debug|Any CPU
		{0F60BC08-5E31-5EB3-AC21-BC151701593F}.Debug|Any CPU.Build.0 = Debug|Any CPU
		{0F60BC08-5E31-5EB3-AC21-BC151701593F}.Release|Any CPU.ActiveCfg = Release|Any CPU
		{0F60BC08-5E31-5EB3-AC21-BC151701593F}.Release|Any CPU.Build.0 = Release|Any CPU
		{11EC03DA-1E7D-B94A-2D89-539B16B484BA}.Debug|Any CPU.ActiveCfg = Debug|Any CPU
		{11EC03DA-1E7D-B94A-2D89-539B16B484BA}.Debug|Any CPU.Build.0 = Debug|Any CPU
		{11EC03DA-1E7D-B94A-2D89-539B16B484BA}.Release|Any CPU.ActiveCfg = Release|Any CPU
		{11EC03DA-1E7D-B94A-2D89-539B16B484BA}.Release|Any CPU.Build.0 = Release|Any CPU
		{292583A4-C682-8E69-F81B-5BC86C754E47}.Debug|Any CPU.ActiveCfg = Debug|Any CPU
		{292583A4-C682-8E69-F81B-5BC86C754E47}.Debug|Any CPU.Build.0 = Debug|Any CPU
		{292583A4-C682-8E69-F81B-5BC86C754E47}.Release|Any CPU.ActiveCfg = Release|Any CPU
		{292583A4-C682-8E69-F81B-5BC86C754E47}.Release|Any CPU.Build.0 = Release|Any CPU
		{98BB89B7-D39C-0F8C-F0DF-EDD7A2216F6D}.Debug|Any CPU.ActiveCfg = Debug|Any CPU
		{98BB89B7-D39C-0F8C-F0DF-EDD7A2216F6D}.Debug|Any CPU.Build.0 = Debug|Any CPU
		{98BB89B7-D39C-0F8C-F0DF-EDD7A2216F6D}.Release|Any CPU.ActiveCfg = Release|Any CPU
		{98BB89B7-D39C-0F8C-F0DF-EDD7A2216F6D}.Release|Any CPU.Build.0 = Release|Any CPU
		{33AFDE56-2F83-73E9-050C-1A114402D162}.Debug|Any CPU.ActiveCfg = Debug|Any CPU
		{33AFDE56-2F83-73E9-050C-1A114402D162}.Debug|Any CPU.Build.0 = Debug|Any CPU
		{33AFDE56-2F83-73E9-050C-1A114402D162}.Release|Any CPU.ActiveCfg = Release|Any CPU
		{33AFDE56-2F83-73E9-050C-1A114402D162}.Release|Any CPU.Build.0 = Release|Any CPU
		{F39FC339-F673-040F-5807-5C58451DCC99}.Debug|Any CPU.ActiveCfg = Debug|Any CPU
		{F39FC339-F673-040F-5807-5C58451DCC99}.Debug|Any CPU.Build.0 = Debug|Any CPU
		{F39FC339-F673-040F-5807-5C58451DCC99}.Release|Any CPU.ActiveCfg = Release|Any CPU
		{F39FC339-F673-040F-5807-5C58451DCC99}.Release|Any CPU.Build.0 = Release|Any CPU
		{0BD6B146-1790-92C2-30F8-58847CCD32A6}.Debug|Any CPU.ActiveCfg = Debug|Any CPU
		{0BD6B146-1790-92C2-30F8-58847CCD32A6}.Debug|Any CPU.Build.0 = Debug|Any CPU
		{0BD6B146-1790-92C2-30F8-58847CCD32A6}.Release|Any CPU.ActiveCfg = Release|Any CPU
		{0BD6B146-1790-92C2-30F8-58847CCD32A6}.Release|Any CPU.Build.0 = Release|Any CPU
	EndGlobalSection
	GlobalSection(SolutionProperties) = preSolution
		HideSolutionNode = FALSE
	EndGlobalSection
EndGlobal
